{
  "version": 2,
  "dependencies": {
    "net6.0": {
      "altcover": {
        "type": "Direct",
        "requested": "[8.6.125, )",
        "resolved": "8.6.125",
        "contentHash": "BqYlne9exn3yzxgLfVK7hw7gKgpq8iYzNx32W/m+5QmoNxWGiMKMm9a1pJ1AT2AXxdPceYqUC41A3gr1jlzJ6w=="
      },
      "coverlet.collector": {
        "type": "Direct",
        "requested": "[6.0.0, )",
        "resolved": "6.0.0",
        "contentHash": "tW3lsNS+dAEII6YGUX/VMoJjBS1QvsxqJeqLaJXub08y1FSjasFPtQ4UBUsudE9PNrzLjooClMsPtY2cZLdXpQ=="
      },
      "Expecto": {
        "type": "Direct",
        "requested": "[10.1.0, )",
        "resolved": "10.1.0",
        "contentHash": "GIyeEfhAYjvun8d760RdfHGzoY3JKmS7L3lffPRUR9AFF08AWFGaE8lEy1iEg4E71XfLSsJHk/LEC4rvaMrosQ==",
        "dependencies": {
          "FSharp.Core": "7.0.200",
          "Mono.Cecil": "[0.11.4, 1.0.0)"
        }
      },
      "FsCheck": {
        "type": "Direct",
        "requested": "[2.16.6, )",
        "resolved": "2.16.6",
        "contentHash": "8yQlt7HgoigIXIoe7ZouNh551rypxp4WtQnqBlpB9a7gf4IkpdMSnEzsnJS/gFmeNtIf9hEJ37celeCq/6FuHA==",
        "dependencies": {
          "FSharp.Core": "4.2.3"
        }
      },
      "FsCheck.Xunit": {
        "type": "Direct",
        "requested": "[2.16.6, )",
        "resolved": "2.16.6",
        "contentHash": "Gd8xOmsHCfi5NR3tDWTia8VGc81jgA+ca7n8RCzdPnYUlG1/WbAy2WG9PGM9DFP4ft23JeO7+9xpE/7kqujVBw==",
        "dependencies": {
          "FsCheck": "[2.16.6]",
          "xunit.extensibility.execution": "[2.2.0, 3.0.0)"
        }
      },
      "FSharp.Core": {
        "type": "Direct",
        "requested": "[8.0.101, )",
        "resolved": "8.0.101",
        "contentHash": "sOLz3O4BOxnTKfd5OChdRmDUy4Id0GfoEClRG4nzIod8LY1LJZcNyygKAV0A78XOLh8yvhA5hsDYKZXGCR9blw=="
      },
      "FsUnit": {
        "type": "Direct",
        "requested": "[6.0.0, )",
        "resolved": "6.0.0",
        "contentHash": "XDZamUZ6uu9517/sGnMGtGLZQf/r1JReCjir6aZHrfIH7ZLw49PjmIOjtNmFL3w7F1ii7S/j9e7tO4HNEqlv9A==",
        "dependencies": {
          "FSharp.Core": "5.0.2",
          "NUnit": "4.0.1"
        }
      },
      "FsUnit.xUnit": {
        "type": "Direct",
        "requested": "[6.0.0, )",
        "resolved": "6.0.0",
        "contentHash": "VtvmyjKfF3JaU7T7YnaWmoffZTAO0KeWzPKh7rUIZVBnUJ3Lrxt/9ng8kXlqpi7L8c8KZ6TsZldvI1f3+upWig==",
        "dependencies": {
          "FSharp.Core": "5.0.2",
          "NHamcrest": "3.4.0",
          "xunit": "2.5.3"
        }
      },
      "Microsoft.NET.Test.Sdk": {
        "type": "Direct",
        "requested": "[17.6.0, )",
        "resolved": "17.6.0",
        "contentHash": "tHyg4C6c89QvLv6Utz3xKlba4EeoyJyIz59Q1NrjRENV7gfGnSE6I+sYPIbVOzQttoo2zpHDgOK/p6Hw2OlD7A==",
        "dependencies": {
          "Microsoft.CodeCoverage": "17.6.0",
          "Microsoft.TestPlatform.TestHost": "17.6.0"
        }
      },
      "xunit": {
        "type": "Direct",
        "requested": "[2.6.6, )",
        "resolved": "2.6.6",
        "contentHash": "MAbOOMtZIKyn2lrAmMlvhX0BhDOX/smyrTB+8WTXnSKkrmTGBS2fm8g1PZtHBPj91Dc5DJA7fY+/81TJ/yUFZw==",
        "dependencies": {
          "xunit.analyzers": "1.10.0",
          "xunit.assert": "2.6.6",
          "xunit.core": "[2.6.6]"
        }
      },
      "xunit.runner.visualstudio": {
        "type": "Direct",
        "requested": "[2.5.6, )",
        "resolved": "2.5.6",
        "contentHash": "CW6uhMXNaQQNMSG1IWhHkBT+V5eqHqn7MP0zfNMhU9wS/sgKX7FGL3rzoaUgt26wkY3bpf7pDVw3IjXhwfiP4w=="
      },
      "YoloDev.Expecto.TestSdk": {
        "type": "Direct",
        "requested": "[0.14.3, )",
        "resolved": "0.14.3",
        "contentHash": "tu24//r9EbDPNRHwy5EU3oVeX98WIu7N9u6SwdQNUmJkWHYN19ihlTF5TAtQ/0sHlzbANj433LfXw2ze9m6XwA==",
        "dependencies": {
          "Expecto": "[10.0.0, 11.0.0)",
          "FSharp.Core": "7.0.200",
          "System.Collections.Immutable": "6.0.0"
        }
      },
      "Microsoft.CodeCoverage": {
        "type": "Transitive",
        "resolved": "17.6.0",
        "contentHash": "5v2GwzpR7JEuQUzupjx3zLwn2FutADW/weLzLt726DR3WXxsM+ICPoJG6pxuKFsumtZp890UrVuudTUhsE8Qyg=="
      },
      "Microsoft.TestPlatform.ObjectModel": {
        "type": "Transitive",
        "resolved": "17.6.0",
        "contentHash": "AA/rrf5zwC5/OBLEOajkhjbVTM3SvxRXy8kcQ8e4mJKojbyZvqqhpfNg362N9vXU94DLg9NUTFOAnoYVT0pTJw==",
        "dependencies": {
          "NuGet.Frameworks": "5.11.0",
          "System.Reflection.Metadata": "1.6.0"
        }
      },
      "Microsoft.TestPlatform.TestHost": {
        "type": "Transitive",
        "resolved": "17.6.0",
        "contentHash": "7YdgUcIeCPVKLC7n7LNKDiEHWc7z3brkkYPdUbDnFsvf6WvY9UfzS0VSUJ8P2NgN0CDSD223GCJFSjSBLZRqOQ==",
        "dependencies": {
          "Microsoft.TestPlatform.ObjectModel": "17.6.0",
          "Newtonsoft.Json": "13.0.1"
        }
      },
      "Mono.Cecil": {
        "type": "Transitive",
        "resolved": "0.11.4",
        "contentHash": "IC1h5g0NeJGHIUgzM1P82ld57knhP0IcQfrYITDPXlNpMYGUrsG5TxuaWTjaeqDNQMBDNZkB8L0rBnwsY6JHuQ=="
      },
      "Newtonsoft.Json": {
        "type": "Transitive",
        "resolved": "13.0.1",
        "contentHash": "ppPFpBcvxdsfUonNcvITKqLl3bqxWbDCZIzDWHzjpdAHRFfZe0Dw9HmA0+za13IdyrgJwpkDTDA9fHaxOrt20A=="
      },
      "NHamcrest": {
        "type": "Transitive",
        "resolved": "3.4.0",
        "contentHash": "N6apzNQXrGW5PJQjpRSSK4QD5poMaVmBRpteDaSEaUUTUK6fwcQeMKZ+oOrv+LZgs481TWKMTGsQTvz5ipgGzQ=="
      },
      "NuGet.Frameworks": {
        "type": "Transitive",
        "resolved": "5.11.0",
        "contentHash": "eaiXkUjC4NPcquGWzAGMXjuxvLwc6XGKMptSyOGQeT0X70BUZObuybJFZLA0OfTdueLd3US23NBPTBb6iF3V1Q=="
      },
      "NUnit": {
        "type": "Transitive",
        "resolved": "4.0.1",
        "contentHash": "jNTHZ01hJsDNPDSBycoHpavFZUBf9vRVQLCyuo78LRrrFj6Ol/CeqK+NIeTk5d8Eycjk59KseWb7X5Ge6z7CgQ=="
      },
      "System.Collections.Immutable": {
        "type": "Transitive",
        "resolved": "6.0.0",
        "contentHash": "l4zZJ1WU2hqpQQHXz1rvC3etVZN+2DLmQMO79FhOTZHMn8tDRr+WU287sbomD0BETlmKDn0ygUgVy9k5xkkJdA==",
        "dependencies": {
          "System.Runtime.CompilerServices.Unsafe": "6.0.0"
        }
      },
      "System.Reflection.Metadata": {
        "type": "Transitive",
        "resolved": "1.6.0",
        "contentHash": "COC1aiAJjCoA5GBF+QKL2uLqEBew4JsCkQmoHKbN3TlOZKa2fKLz5CpiRQKDz0RsAOEGsVKqOD5bomsXq/4STQ=="
      },
      "System.Runtime.CompilerServices.Unsafe": {
        "type": "Transitive",
        "resolved": "6.0.0",
        "contentHash": "/iUeP3tq1S0XdNNoMz5C9twLSrM/TH+qElHkXWaPvuNOt+99G75NrV0OS2EqHx5wMN7popYjpc8oTjC1y16DLg=="
      },
      "xunit.abstractions": {
        "type": "Transitive",
        "resolved": "2.0.3",
        "contentHash": "pot1I4YOxlWjIb5jmwvvQNbTrZ3lJQ+jUGkGjWE3hEFM0l5gOnBWS+H3qsex68s5cO52g+44vpGzhAt+42vwKg=="
      },
      "xunit.analyzers": {
        "type": "Transitive",
        "resolved": "1.10.0",
        "contentHash": "Lw8CiDy5NaAWcO6keqD7iZHYUTIuCOcoFrUHw5Sv84ITZ9gFeDybdkVdH0Y2maSlP9fUjtENyiykT44zwFQIHA=="
      },
      "xunit.assert": {
        "type": "Transitive",
        "resolved": "2.6.6",
        "contentHash": "74Cm9lAZOk5TKCz2MvCBCByKsS23yryOKDIMxH3XRDHXmfGM02jKZWzRA7g4mGB41GnBnv/pcWP3vUYkrCtEcg=="
      },
      "xunit.core": {
        "type": "Transitive",
        "resolved": "2.6.6",
        "contentHash": "tqi7RfaNBqM7t8zx6QHryuBPzmotsZXKGaWnopQG2Ez5UV7JoWuyoNdT6gLpDIcKdGYey6YTXJdSr9IXDMKwjg==",
        "dependencies": {
          "xunit.extensibility.core": "[2.6.6]",
          "xunit.extensibility.execution": "[2.6.6]"
        }
      },
      "xunit.extensibility.core": {
        "type": "Transitive",
        "resolved": "2.6.6",
        "contentHash": "ty6VKByzbx4Toj4/VGJLEnlmOawqZiMv0in/tLju+ftA+lbWuAWDERM+E52Jfhj4ZYHrAYVa14KHK5T+dq0XxA==",
        "dependencies": {
          "xunit.abstractions": "2.0.3"
        }
      },
      "xunit.extensibility.execution": {
        "type": "Transitive",
        "resolved": "2.6.6",
        "contentHash": "UDjIVGj2TepVKN3n32/qXIdb3U6STwTb9L6YEwoQO2A8OxiJS5QAVv2l1aT6tDwwv/9WBmm8Khh/LyHALipcng==",
        "dependencies": {
          "xunit.extensibility.core": "[2.6.6]"
        }
      },
      "morphir.sdk.core": {
        "type": "Project",
        "dependencies": {
          "FSharp.Core": "[8.0.101, )"
        }
      },
      "morphir.sdk.testing": {
        "type": "Project",
        "dependencies": {
          "Expecto": "[10.1.0, )"
        }
      }
    }
  }
}